// !$*UTF8*$!
{
	archiveVersion = 1;
	classes = {
	};
	objectVersion = 46;
	objects = {

/* Begin PBXBuildFile section */
		C4797BE51F9694C3007C8929 /* binarySearch.cpp in Sources */ = {isa = PBXBuildFile; fileRef = C4797BE41F9694C3007C8929 /* binarySearch.cpp */; };
		C4797BE81F9694D3007C8929 /* mainSearch.cpp in Sources */ = {isa = PBXBuildFile; fileRef = C4797BE71F9694D3007C8929 /* mainSearch.cpp */; };
/* End PBXBuildFile section */

/* Begin PBXCopyFilesBuildPhase section */
		C4797BD81F9694B7007C8929 /* CopyFiles */ = {
			isa = PBXCopyFilesBuildPhase;
			buildActionMask = 2147483647;
			dstPath = /usr/share/man/man1/;
			dstSubfolderSpec = 0;
			files = (
			);
			runOnlyForDeploymentPostprocessing = 1;
		};
/* End PBXCopyFilesBuildPhase section */

/* Begin PBXFileReference section */
		C4797BDA1F9694B7007C8929 /* Chpt 2 Binary Search */ = {isa = PBXFileReference; explicitFileType = "compiled.mach-o.executable"; includeInIndex = 0; path = "Chpt 2 Binary Search"; sourceTree = BUILT_PRODUCTS_DIR; };
		C4797BE41F9694C3007C8929 /* binarySearch.cpp */ = {isa = PBXFileReference; fileEncoding = 4; lastKnownFileType = sourcecode.cpp.cpp; path = binarySearch.cpp; sourceTree = "<group>"; };
		C4797BE61F9694CB007C8929 /* binarySearch.h */ = {isa = PBXFileReference; lastKnownFileType = sourcecode.c.h; path = binarySearch.h; sourceTree = "<group>"; };
		C4797BE71F9694D3007C8929 /* mainSearch.cpp */ = {isa = PBXFileReference; fileEncoding = 4; lastKnownFileType = sourcecode.cpp.cpp; path = mainSearch.cpp; sourceTree = "<group>"; };
/* End PBXFileReference section */

/* Begin PBXFrameworksBuildPhase section */
		C4797BD71F9694B7007C8929 /* Frameworks */ = {
			isa = PBXFrameworksBuildPhase;
			buildActionMask = 2147483647;
			files = (
			);
			runOnlyForDeploymentPostprocessing = 0;
		};
/* End PBXFrameworksBuildPhase section */

/* Begin PBXGroup section */
		C4797BD11F9694B7007C8929 = {
			isa = PBXGroup;
			children = (
				C4797BDC1F9694B7007C8929 /* Chpt 2 Binary Search */,
				C4797BDB1F9694B7007C8929 /* Products */,
			);
			sourceTree = "<group>";
		};
		C4797BDB1F9694B7007C8929 /* Products */ = {
			isa = PBXGroup;
			children = (
				C4797BDA1F9694B7007C8929 /* Chpt 2 Binary Search */,
			);
			name = Products;
			sourceTree = "<group>";
		};
		C4797BDC1F9694B7007C8929 /* Chpt 2 Binary Search */ = {
			isa = PBXGroup;
			children = (
				C4797BE71F9694D3007C8929 /* mainSearch.cpp */,
				C4797BE61F9694CB007C8929 /* binarySearch.h */,
				C4797BE41F9694C3007C8929 /* binarySearch.cpp */,
			);
			path = "Chpt 2 Binary Search";
			sourceTree = "<group>";
		};
/* End PBXGroup section */

/* Begin PBXNativeTarget section */
		C4797BD91F9694B7007C8929 /* Chpt 2 Binary Search */ = {
			isa = PBXNativeTarget;
			buildConfigurationList = C4797BE11F9694B7007C8929 /* Build configuration list for PBXNativeTarget "Chpt 2 Binary Search" */;
			buildPhases = (
				C4797BD61F9694B7007C8929 /* Sources */,
				C4797BD71F9694B7007C8929 /* Frameworks */,
				C4797BD81F9694B7007C8929 /* CopyFiles */,
			);
			buildRules = (
			);
			dependencies = (
			);
			name = "Chpt 2 Binary Search";
			productName = "Chpt 2 Binary Search";
			productReference = C4797BDA1F9694B7007C8929 /* Chpt 2 Binary Search */;
			productType = "com.apple.product-type.tool";
		};
/* End PBXNativeTarget section */

/* Begin PBXProject section */
		C4797BD21F9694B7007C8929 /* Project object */ = {
			isa = PBXProject;
			attributes = {
				LastUpgradeCheck = 0820;
				ORGANIZATIONNAME = "Margarita Nuridjanian";
				TargetAttributes = {
					C4797BD91F9694B7007C8929 = {
						CreatedOnToolsVersion = 8.2;
						ProvisioningStyle = Automatic;
					};
				};
			};
			buildConfigurationList = C4797BD51F9694B7007C8929 /* Build configuration list for PBXProject "Chpt 2 Binary Search" */;
			compatibilityVersion = "Xcode 3.2";
			developmentRegion = English;
			hasScannedForEncodings = 0;
			knownRegions = (
				en,
			);
			mainGroup = C4797BD11F9694B7007C8929;
			productRefGroup = C4797BDB1F9694B7007C8929 /* Products */;
			projectDirPath = "";
			projectRoot = "";
			targets = (
				C4797BD91F9694B7007C8929 /* Chpt 2 Binary Search */,
			);
		};
/* End PBXProject section */

/* Begin PBXSourcesBuildPhase section */
		C4797BD61F9694B7007C8929 /* Sources */ = {
			isa = PBXSourcesBuildPhase;
			buildActionMask = 2147483647;
			files = (
				C4797BE51F9694C3007C8929 /* binarySearch.cpp in Sources */,
				C4797BE81F9694D3007C8929 /* mainSearch.cpp in Sources */,
			);
			runOnlyForDeploymentPostprocessing = 0;
		};
/* End PBXSourcesBuildPhase section */

/* Begin XCBuildConfiguration section */
		C4797BDF1F9694B7007C8929 /* Debug */ = {
			isa = XCBuildConfiguration;
			buildSettings = {
				ALWAYS_SEARCH_USER_PATHS = NO;
				CLANG_ANALYZER_NONNULL = YES;
				CLANG_CXX_LANGUAGE_STANDARD = "gnu++0x";
				CLANG_CXX_LIBRARY = "libc++";
				CLANG_ENABLE_MODULES = YES;
				CLANG_ENABLE_OBJC_ARC = YES;
				CLANG_WARN_BOOL_CONVERSION = YES;
				CLANG_WARN_CONSTANT_CONVERSION = YES;
				CLANG_WARN_DIRECT_OBJC_ISA_USAGE = YES_ERROR;
				CLANG_WARN_DOCUMENTATION_COMMENTS = YES;
				CLANG_WARN_EMPTY_BODY = YES;
				CLANG_WARN_ENUM_CONVERSION = YES;
				CLANG_WARN_INFINITE_RECURSION = YES;
				CLANG_WARN_INT_CONVERSION = YES;
				CLANG_WARN_OBJC_ROOT_CLASS = YES_ERROR;
				CLANG_WARN_SUSPICIOUS_MOVE = YES;
				CLANG_WARN_UNREACHABLE_CODE = YES;
				CLANG_WARN__DUPLICATE_METHOD_MATCH = YES;
				CODE_SIGN_IDENTITY = "-";
				COPY_PHASE_STRIP = NO;
				DEBUG_INFORMATION_FORMAT = dwarf;
				ENABLE_STRICT_OBJC_MSGSEND = YES;
				ENABLE_TESTABILITY = YES;
				GCC_C_LANGUAGE_STANDARD = gnu99;
				GCC_DYNAMIC_NO_PIC = NO;
				GCC_NO_COMMON_BLOCKS = YES;
				GCC_OPTIMIZATION_LEVEL = 0;
				GCC_PREPROCESSOR_DEFINITIONS = (
					"DEBUG=1",
					"$(inherited)",
				);
				GCC_WARN_64_TO_32_BIT_CONVERSION = YES;
				GCC_WARN_ABOUT_RETURN_TYPE = YES_ERROR;
				GCC_WARN_UNDECLARED_SELECTOR = YES;
				GCC_WARN_UNINITIALIZED_AUTOS = YES_AGGRESSIVE;
				GCC_WARN_UNUSED_FUNCTION = YES;
				GCC_WARN_UNUSED_VARIABLE = YES;
				MACOSX_DEPLOYMENT_TARGET = 10.11;
				MTL_ENABLE_DEBUG_INFO = YES;
				ONLY_ACTIVE_ARCH = YES;
				SDKROOT = macosx;
			};
			name = Debug;
		};
		C4797BE01F9694B7007C8929 /* Release */ = {
			isa = XCBuildConfiguration;
			buildSettings = {
				ALWAYS_SEARCH_USER_PATHS = NO;
				CLANG_ANALYZER_NONNULL = YES;
				CLANG_CXX_LANGUAGE_STANDARD = "gnu++0x";
				CLANG_CXX_LIBRARY = "libc++";
				CLANG_ENABLE_MODULES = YES;
				CLANG_ENABLE_OBJC_ARC = YES;
				CLANG_WARN_BOOL_CONVERSION = YES;
				CLANG_WARN_CONSTANT_CONVERSION = YES;
				CLANG_WARN_DIRECT_OBJC_ISA_USAGE = YES_ERROR;
				CLANG_WARN_DOCUMENTATION_COMMENTS = YES;
				CLANG_WARN_EMPTY_BODY = YES;
				CLANG_WARN_ENUM_CONVERSION = YES;
				CLANG_WARN_INFINITE_RECURSION = YES;
				CLANG_WARN_INT_CONVERSION = YES;
				CLANG_WARN_OBJC_ROOT_CLASS = YES_ERROR;
				CLANG_WARN_SUSPICIOUS_MOVE = YES;
				CLANG_WARN_UNREACHABLE_CODE = YES;
				CLANG_WARN__DUPLICATE_METHOD_MATCH = YES;
				CODE_SIGN_IDENTITY = "-";
				COPY_PHASE_STRIP = NO;
				DEBUG_INFORMATION_FORMAT = "dwarf-with-dsym";
				ENABLE_NS_ASSERTIONS = NO;
				ENABLE_STRICT_OBJC_MSGSEND = YES;
				GCC_C_LANGUAGE_STANDARD = gnu99;
				GCC_NO_COMMON_BLOCKS = YES;
				GCC_WARN_64_TO_32_BIT_CONVERSION = YES;
				GCC_WARN_ABOUT_RETURN_TYPE = YES_ERROR;
				GCC_WARN_UNDECLARED_SELECTOR = YES;
				GCC_WARN_UNINITIALIZED_AUTOS = YES_AGGRESSIVE;
				GCC_WARN_UNUSED_FUNCTION = YES;
				GCC_WARN_UNUSED_VARIABLE = YES;
				MACOSX_DEPLOYMENT_TARGET = 10.11;
				MTL_ENABLE_DEBUG_INFO = NO;
				SDKROOT = macosx;
			};
			name = Release;
		};
		C4797BE21F9694B7007C8929 /* Debug */ = {
			isa = XCBuildConfiguration;
			buildSettings = {
				PRODUCT_NAME = "$(TARGET_NAME)";
			};
			name = Debug;
		};
		C4797BE31F9694B7007C8929 /* Release */ = {
			isa = XCBuildConfiguration;
			buildSettings = {
				PRODUCT_NAME = "$(TARGET_NAME)";
			};
			name = Release;
		};
/* End XCBuildConfiguration section */

/* Begin XCConfigurationList section */
		C4797BD51F9694B7007C8929 /* Build configuration list for PBXProject "Chpt 2 Binary Search" */ = {
			isa = XCConfigurationList;
			buildConfigurations = (
				C4797BDF1F9694B7007C8929 /* Debug */,
				C4797BE01F9694B7007C8929 /* Release */,
			);
			defaultConfigurationIsVisible = 0;
			defaultConfigurationName = Release;
		};
		C4797BE11F9694B7007C8929 /* Build configuration list for PBXNativeTarget "Chpt 2 Binary Search" */ = {
			isa = XCConfigurationList;
			buildConfigurations = (
				C4797BE21F9694B7007C8929 /* Debug */,
				C4797BE31F9694B7007C8929 /* Release */,
			);
			defaultConfigurationIsVisible = 0;
		};
/* End XCConfigurationList section */
	};
	rootObject = C4797BD21F9694B7007C8929 /* Project object */;
}
